// !$*UTF8*$!
{
	archiveVersion = 1;
	classes = {
	};
	objectVersion = 46;
	objects = {

/* Begin PBXBuildFile section */
		3D3505681F3E88D40079F857 /* main.m in Sources */ = {isa = PBXBuildFile; fileRef = 3D3505671F3E88D40079F857 /* main.m */; };
		3D35056B1F3E88D40079F857 /* AppDelegate.m in Sources */ = {isa = PBXBuildFile; fileRef = 3D35056A1F3E88D40079F857 /* AppDelegate.m */; };
		3D35056E1F3E88D40079F857 /* ViewController.m in Sources */ = {isa = PBXBuildFile; fileRef = 3D35056D1F3E88D40079F857 /* ViewController.m */; };
		3D3505711F3E88D40079F857 /* Main.storyboard in Resources */ = {isa = PBXBuildFile; fileRef = 3D35056F1F3E88D40079F857 /* Main.storyboard */; };
		3D3505731F3E88D40079F857 /* Assets.xcassets in Resources */ = {isa = PBXBuildFile; fileRef = 3D3505721F3E88D40079F857 /* Assets.xcassets */; };
		3D3505761F3E88D40079F857 /* LaunchScreen.storyboard in Resources */ = {isa = PBXBuildFile; fileRef = 3D3505741F3E88D40079F857 /* LaunchScreen.storyboard */; };
		3D3505811F3E88D40079F857 /* MYDD2017AdTests.m in Sources */ = {isa = PBXBuildFile; fileRef = 3D3505801F3E88D40079F857 /* MYDD2017AdTests.m */; };
		3D35058C1F3E88D40079F857 /* MYDD2017AdUITests.m in Sources */ = {isa = PBXBuildFile; fileRef = 3D35058B1F3E88D40079F857 /* MYDD2017AdUITests.m */; };
		3D35059D1F3E92550079F857 /* atAndTAd.jpg in Resources */ = {isa = PBXBuildFile; fileRef = 3D3505991F3E92550079F857 /* atAndTAd.jpg */; };
		3D35059F1F3E92550079F857 /* pizzaAd.jpg in Resources */ = {isa = PBXBuildFile; fileRef = 3D35059B1F3E92550079F857 /* pizzaAd.jpg */; };
		3D3505A01F3E92550079F857 /* watchAd.png in Resources */ = {isa = PBXBuildFile; fileRef = 3D35059C1F3E92550079F857 /* watchAd.png */; };
/* End PBXBuildFile section */

/* Begin PBXContainerItemProxy section */
		3D35057D1F3E88D40079F857 /* PBXContainerItemProxy */ = {
			isa = PBXContainerItemProxy;
			containerPortal = 3D35055B1F3E88D40079F857 /* Project object */;
			proxyType = 1;
			remoteGlobalIDString = 3D3505621F3E88D40079F857;
			remoteInfo = MYDD2017Ad;
		};
		3D3505881F3E88D40079F857 /* PBXContainerItemProxy */ = {
			isa = PBXContainerItemProxy;
			containerPortal = 3D35055B1F3E88D40079F857 /* Project object */;
			proxyType = 1;
			remoteGlobalIDString = 3D3505621F3E88D40079F857;
			remoteInfo = MYDD2017Ad;
		};
/* End PBXContainerItemProxy section */

/* Begin PBXFileReference section */
		3D3505631F3E88D40079F857 /* MYDD2017Ad.app */ = {isa = PBXFileReference; explicitFileType = wrapper.application; includeInIndex = 0; path = MYDD2017Ad.app; sourceTree = BUILT_PRODUCTS_DIR; };
		3D3505671F3E88D40079F857 /* main.m */ = {isa = PBXFileReference; lastKnownFileType = sourcecode.c.objc; path = main.m; sourceTree = "<group>"; };
		3D3505691F3E88D40079F857 /* AppDelegate.h */ = {isa = PBXFileReference; lastKnownFileType = sourcecode.c.h; path = AppDelegate.h; sourceTree = "<group>"; };
		3D35056A1F3E88D40079F857 /* AppDelegate.m */ = {isa = PBXFileReference; lastKnownFileType = sourcecode.c.objc; path = AppDelegate.m; sourceTree = "<group>"; };
		3D35056C1F3E88D40079F857 /* ViewController.h */ = {isa = PBXFileReference; lastKnownFileType = sourcecode.c.h; path = ViewController.h; sourceTree = "<group>"; };
		3D35056D1F3E88D40079F857 /* ViewController.m */ = {isa = PBXFileReference; lastKnownFileType = sourcecode.c.objc; path = ViewController.m; sourceTree = "<group>"; };
		3D3505701F3E88D40079F857 /* Base */ = {isa = PBXFileReference; lastKnownFileType = file.storyboard; name = Base; path = Base.lproj/Main.storyboard; sourceTree = "<group>"; };
		3D3505721F3E88D40079F857 /* Assets.xcassets */ = {isa = PBXFileReference; lastKnownFileType = folder.assetcatalog; path = Assets.xcassets; sourceTree = "<group>"; };
		3D3505751F3E88D40079F857 /* Base */ = {isa = PBXFileReference; lastKnownFileType = file.storyboard; name = Base; path = Base.lproj/LaunchScreen.storyboard; sourceTree = "<group>"; };
		3D3505771F3E88D40079F857 /* Info.plist */ = {isa = PBXFileReference; lastKnownFileType = text.plist.xml; path = Info.plist; sourceTree = "<group>"; };
		3D35057C1F3E88D40079F857 /* MYDD2017AdTests.xctest */ = {isa = PBXFileReference; explicitFileType = wrapper.cfbundle; includeInIndex = 0; path = MYDD2017AdTests.xctest; sourceTree = BUILT_PRODUCTS_DIR; };
		3D3505801F3E88D40079F857 /* MYDD2017AdTests.m */ = {isa = PBXFileReference; lastKnownFileType = sourcecode.c.objc; path = MYDD2017AdTests.m; sourceTree = "<group>"; };
		3D3505821F3E88D40079F857 /* Info.plist */ = {isa = PBXFileReference; lastKnownFileType = text.plist.xml; path = Info.plist; sourceTree = "<group>"; };
		3D3505871F3E88D40079F857 /* MYDD2017AdUITests.xctest */ = {isa = PBXFileReference; explicitFileType = wrapper.cfbundle; includeInIndex = 0; path = MYDD2017AdUITests.xctest; sourceTree = BUILT_PRODUCTS_DIR; };
		3D35058B1F3E88D40079F857 /* MYDD2017AdUITests.m */ = {isa = PBXFileReference; lastKnownFileType = sourcecode.c.objc; path = MYDD2017AdUITests.m; sourceTree = "<group>"; };
		3D35058D1F3E88D40079F857 /* Info.plist */ = {isa = PBXFileReference; lastKnownFileType = text.plist.xml; path = Info.plist; sourceTree = "<group>"; };
		3D3505991F3E92550079F857 /* atAndTAd.jpg */ = {isa = PBXFileReference; lastKnownFileType = image.jpeg; path = atAndTAd.jpg; sourceTree = "<group>"; };
		3D35059B1F3E92550079F857 /* pizzaAd.jpg */ = {isa = PBXFileReference; lastKnownFileType = image.jpeg; path = pizzaAd.jpg; sourceTree = "<group>"; };
		3D35059C1F3E92550079F857 /* watchAd.png */ = {isa = PBXFileReference; lastKnownFileType = image.png; path = watchAd.png; sourceTree = "<group>"; };
/* End PBXFileReference section */

/* Begin PBXFrameworksBuildPhase section */
		3D3505601F3E88D40079F857 /* Frameworks */ = {
			isa = PBXFrameworksBuildPhase;
			buildActionMask = 2147483647;
			files = (
			);
			runOnlyForDeploymentPostprocessing = 0;
		};
		3D3505791F3E88D40079F857 /* Frameworks */ = {
			isa = PBXFrameworksBuildPhase;
			buildActionMask = 2147483647;
			files = (
			);
			runOnlyForDeploymentPostprocessing = 0;
		};
		3D3505841F3E88D40079F857 /* Frameworks */ = {
			isa = PBXFrameworksBuildPhase;
			buildActionMask = 2147483647;
			files = (
			);
			runOnlyForDeploymentPostprocessing = 0;
		};
/* End PBXFrameworksBuildPhase section */

/* Begin PBXGroup section */
		3D35055A1F3E88D40079F857 = {
			isa = PBXGroup;
			children = (
				3D3505651F3E88D40079F857 /* MYDD2017Ad */,
				3D35057F1F3E88D40079F857 /* MYDD2017AdTests */,
				3D35058A1F3E88D40079F857 /* MYDD2017AdUITests */,
				3D3505641F3E88D40079F857 /* Products */,
			);
			sourceTree = "<group>";
		};
		3D3505641F3E88D40079F857 /* Products */ = {
			isa = PBXGroup;
			children = (
				3D3505631F3E88D40079F857 /* MYDD2017Ad.app */,
				3D35057C1F3E88D40079F857 /* MYDD2017AdTests.xctest */,
				3D3505871F3E88D40079F857 /* MYDD2017AdUITests.xctest */,
			);
			name = Products;
			sourceTree = "<group>";
		};
		3D3505651F3E88D40079F857 /* MYDD2017Ad */ = {
			isa = PBXGroup;
			children = (
				3D3505691F3E88D40079F857 /* AppDelegate.h */,
				3D35056A1F3E88D40079F857 /* AppDelegate.m */,
				3D35056C1F3E88D40079F857 /* ViewController.h */,
				3D35056D1F3E88D40079F857 /* ViewController.m */,
				3D35056F1F3E88D40079F857 /* Main.storyboard */,
				3D3505721F3E88D40079F857 /* Assets.xcassets */,
				3D3505741F3E88D40079F857 /* LaunchScreen.storyboard */,
				3D3505771F3E88D40079F857 /* Info.plist */,
				3D3505661F3E88D40079F857 /* Supporting Files */,
			);
			path = MYDD2017Ad;
			sourceTree = "<group>";
		};
		3D3505661F3E88D40079F857 /* Supporting Files */ = {
			isa = PBXGroup;
			children = (
				3D3505991F3E92550079F857 /* atAndTAd.jpg */,
				3D35059B1F3E92550079F857 /* pizzaAd.jpg */,
				3D35059C1F3E92550079F857 /* watchAd.png */,
				3D3505671F3E88D40079F857 /* main.m */,
			);
			name = "Supporting Files";
			sourceTree = "<group>";
		};
		3D35057F1F3E88D40079F857 /* MYDD2017AdTests */ = {
			isa = PBXGroup;
			children = (
				3D3505801F3E88D40079F857 /* MYDD2017AdTests.m */,
				3D3505821F3E88D40079F857 /* Info.plist */,
			);
			path = MYDD2017AdTests;
			sourceTree = "<group>";
		};
		3D35058A1F3E88D40079F857 /* MYDD2017AdUITests */ = {
			isa = PBXGroup;
			children = (
				3D35058B1F3E88D40079F857 /* MYDD2017AdUITests.m */,
				3D35058D1F3E88D40079F857 /* Info.plist */,
			);
			path = MYDD2017AdUITests;
			sourceTree = "<group>";
		};
/* End PBXGroup section */

/* Begin PBXNativeTarget section */
		3D3505621F3E88D40079F857 /* MYDD2017Ad */ = {
			isa = PBXNativeTarget;
			buildConfigurationList = 3D3505901F3E88D40079F857 /* Build configuration list for PBXNativeTarget "MYDD2017Ad" */;
			buildPhases = (
				3D35055F1F3E88D40079F857 /* Sources */,
				3D3505601F3E88D40079F857 /* Frameworks */,
				3D3505611F3E88D40079F857 /* Resources */,
			);
			buildRules = (
			);
			dependencies = (
			);
			name = MYDD2017Ad;
			productName = MYDD2017Ad;
			productReference = 3D3505631F3E88D40079F857 /* MYDD2017Ad.app */;
			productType = "com.apple.product-type.application";
		};
		3D35057B1F3E88D40079F857 /* MYDD2017AdTests */ = {
			isa = PBXNativeTarget;
			buildConfigurationList = 3D3505931F3E88D40079F857 /* Build configuration list for PBXNativeTarget "MYDD2017AdTests" */;
			buildPhases = (
				3D3505781F3E88D40079F857 /* Sources */,
				3D3505791F3E88D40079F857 /* Frameworks */,
				3D35057A1F3E88D40079F857 /* Resources */,
			);
			buildRules = (
			);
			dependencies = (
				3D35057E1F3E88D40079F857 /* PBXTargetDependency */,
			);
			name = MYDD2017AdTests;
			productName = MYDD2017AdTests;
			productReference = 3D35057C1F3E88D40079F857 /* MYDD2017AdTests.xctest */;
			productType = "com.apple.product-type.bundle.unit-test";
		};
		3D3505861F3E88D40079F857 /* MYDD2017AdUITests */ = {
			isa = PBXNativeTarget;
			buildConfigurationList = 3D3505961F3E88D40079F857 /* Build configuration list for PBXNativeTarget "MYDD2017AdUITests" */;
			buildPhases = (
				3D3505831F3E88D40079F857 /* Sources */,
				3D3505841F3E88D40079F857 /* Frameworks */,
				3D3505851F3E88D40079F857 /* Resources */,
			);
			buildRules = (
			);
			dependencies = (
				3D3505891F3E88D40079F857 /* PBXTargetDependency */,
			);
			name = MYDD2017AdUITests;
			productName = MYDD2017AdUITests;
			productReference = 3D3505871F3E88D40079F857 /* MYDD2017AdUITests.xctest */;
			productType = "com.apple.product-type.bundle.ui-testing";
		};
/* End PBXNativeTarget section */

/* Begin PBXProject section */
		3D35055B1F3E88D40079F857 /* Project object */ = {
			isa = PBXProject;
			attributes = {
				LastUpgradeCheck = 0830;
				ORGANIZATIONNAME = "Seyedvahid Dianat";
				TargetAttributes = {
					3D3505621F3E88D40079F857 = {
						CreatedOnToolsVersion = 8.3.3;
						DevelopmentTeam = 76US5KWZ6M;
						ProvisioningStyle = Automatic;
					};
					3D35057B1F3E88D40079F857 = {
						CreatedOnToolsVersion = 8.3.3;
						DevelopmentTeam = 76US5KWZ6M;
						ProvisioningStyle = Automatic;
						TestTargetID = 3D3505621F3E88D40079F857;
					};
					3D3505861F3E88D40079F857 = {
						CreatedOnToolsVersion = 8.3.3;
						DevelopmentTeam = 76US5KWZ6M;
						ProvisioningStyle = Automatic;
						TestTargetID = 3D3505621F3E88D40079F857;
					};
				};
			};
			buildConfigurationList = 3D35055E1F3E88D40079F857 /* Build configuration list for PBXProject "MYDD2017Ad" */;
			compatibilityVersion = "Xcode 3.2";
			developmentRegion = English;
			hasScannedForEncodings = 0;
			knownRegions = (
				en,
				Base,
			);
			mainGroup = 3D35055A1F3E88D40079F857;
			productRefGroup = 3D3505641F3E88D40079F857 /* Products */;
			projectDirPath = "";
			projectRoot = "";
			targets = (
				3D3505621F3E88D40079F857 /* MYDD2017Ad */,
				3D35057B1F3E88D40079F857 /* MYDD2017AdTests */,
				3D3505861F3E88D40079F857 /* MYDD2017AdUITests */,
			);
		};
/* End PBXProject section */

/* Begin PBXResourcesBuildPhase section */
		3D3505611F3E88D40079F857 /* Resources */ = {
			isa = PBXResourcesBuildPhase;
			buildActionMask = 2147483647;
			files = (
				3D35059D1F3E92550079F857 /* atAndTAd.jpg in Resources */,
				3D3505761F3E88D40079F857 /* LaunchScreen.storyboard in Resources */,
				3D3505731F3E88D40079F857 /* Assets.xcassets in Resources */,
				3D35059F1F3E92550079F857 /* pizzaAd.jpg in Resources */,
				3D3505A01F3E92550079F857 /* watchAd.png in Resources */,
				3D3505711F3E88D40079F857 /* Main.storyboard in Resources */,
			);
			runOnlyForDeploymentPostprocessing = 0;
		};
		3D35057A1F3E88D40079F857 /* Resources */ = {
			isa = PBXResourcesBuildPhase;
			buildActionMask = 2147483647;
			files = (
			);
			runOnlyForDeploymentPostprocessing = 0;
		};
		3D3505851F3E88D40079F857 /* Resources */ = {
			isa = PBXResourcesBuildPhase;
			buildActionMask = 2147483647;
			files = (
			);
			runOnlyForDeploymentPostprocessing = 0;
		};
/* End PBXResourcesBuildPhase section */

/* Begin PBXSourcesBuildPhase section */
		3D35055F1F3E88D40079F857 /* Sources */ = {
			isa = PBXSourcesBuildPhase;
			buildActionMask = 2147483647;
			files = (
				3D35056E1F3E88D40079F857 /* ViewController.m in Sources */,
				3D35056B1F3E88D40079F857 /* AppDelegate.m in Sources */,
				3D3505681F3E88D40079F857 /* main.m in Sources */,
			);
			runOnlyForDeploymentPostprocessing = 0;
		};
		3D3505781F3E88D40079F857 /* Sources */ = {
			isa = PBXSourcesBuildPhase;
			buildActionMask = 2147483647;
			files = (
				3D3505811F3E88D40079F857 /* MYDD2017AdTests.m in Sources */,
			);
			runOnlyForDeploymentPostprocessing = 0;
		};
		3D3505831F3E88D40079F857 /* Sources */ = {
			isa = PBXSourcesBuildPhase;
			buildActionMask = 2147483647;
			files = (
				3D35058C1F3E88D40079F857 /* MYDD2017AdUITests.m in Sources */,
			);
			runOnlyForDeploymentPostprocessing = 0;
		};
/* End PBXSourcesBuildPhase section */

/* Begin PBXTargetDependency section */
		3D35057E1F3E88D40079F857 /* PBXTargetDependency */ = {
			isa = PBXTargetDependency;
			target = 3D3505621F3E88D40079F857 /* MYDD2017Ad */;
			targetProxy = 3D35057D1F3E88D40079F857 /* PBXContainerItemProxy */;
		};
		3D3505891F3E88D40079F857 /* PBXTargetDependency */ = {
			isa = PBXTargetDependency;
			target = 3D3505621F3E88D40079F857 /* MYDD2017Ad */;
			targetProxy = 3D3505881F3E88D40079F857 /* PBXContainerItemProxy */;
		};
/* End PBXTargetDependency section */

/* Begin PBXVariantGroup section */
		3D35056F1F3E88D40079F857 /* Main.storyboard */ = {
			isa = PBXVariantGroup;
			children = (
				3D3505701F3E88D40079F857 /* Base */,
			);
			name = Main.storyboard;
			sourceTree = "<group>";
		};
		3D3505741F3E88D40079F857 /* LaunchScreen.storyboard */ = {
			isa = PBXVariantGroup;
			children = (
				3D3505751F3E88D40079F857 /* Base */,
			);
			name = LaunchScreen.storyboard;
			sourceTree = "<group>";
		};
/* End PBXVariantGroup section */

/* Begin XCBuildConfiguration section */
		3D35058E1F3E88D40079F857 /* Debug */ = {
			isa = XCBuildConfiguration;
			buildSettings = {
				ALWAYS_SEARCH_USER_PATHS = NO;
				CLANG_ANALYZER_NONNULL = YES;
				CLANG_ANALYZER_NUMBER_OBJECT_CONVERSION = YES_AGGRESSIVE;
				CLANG_CXX_LANGUAGE_STANDARD = "gnu++0x";
				CLANG_CXX_LIBRARY = "libc++";
				CLANG_ENABLE_MODULES = YES;
				CLANG_ENABLE_OBJC_ARC = YES;
				CLANG_WARN_BOOL_CONVERSION = YES;
				CLANG_WARN_CONSTANT_CONVERSION = YES;
				CLANG_WARN_DIRECT_OBJC_ISA_USAGE = YES_ERROR;
				CLANG_WARN_DOCUMENTATION_COMMENTS = YES;
				CLANG_WARN_EMPTY_BODY = YES;
				CLANG_WARN_ENUM_CONVERSION = YES;
				CLANG_WARN_INFINITE_RECURSION = YES;
				CLANG_WARN_INT_CONVERSION = YES;
				CLANG_WARN_OBJC_ROOT_CLASS = YES_ERROR;
				CLANG_WARN_SUSPICIOUS_MOVE = YES;
				CLANG_WARN_UNREACHABLE_CODE = YES;
				CLANG_WARN__DUPLICATE_METHOD_MATCH = YES;
				"CODE_SIGN_IDENTITY[sdk=iphoneos*]" = "iPhone Developer";
				COPY_PHASE_STRIP = NO;
				DEBUG_INFORMATION_FORMAT = dwarf;
				ENABLE_STRICT_OBJC_MSGSEND = YES;
				ENABLE_TESTABILITY = YES;
				GCC_C_LANGUAGE_STANDARD = gnu99;
				GCC_DYNAMIC_NO_PIC = NO;
				GCC_NO_COMMON_BLOCKS = YES;
				GCC_OPTIMIZATION_LEVEL = 0;
				GCC_PREPROCESSOR_DEFINITIONS = (
					"DEBUG=1",
					"$(inherited)",
				);
				GCC_WARN_64_TO_32_BIT_CONVERSION = YES;
				GCC_WARN_ABOUT_RETURN_TYPE = YES_ERROR;
				GCC_WARN_UNDECLARED_SELECTOR = YES;
				GCC_WARN_UNINITIALIZED_AUTOS = YES_AGGRESSIVE;
				GCC_WARN_UNUSED_FUNCTION = YES;
				GCC_WARN_UNUSED_VARIABLE = YES;
				IPHONEOS_DEPLOYMENT_TARGET = 10.3;
				MTL_ENABLE_DEBUG_INFO = YES;
				ONLY_ACTIVE_ARCH = YES;
				SDKROOT = iphoneos;
				TARGETED_DEVICE_FAMILY = "1,2";
			};
			name = Debug;
		};
		3D35058F1F3E88D40079F857 /* Release */ = {
			isa = XCBuildConfiguration;
			buildSettings = {
				ALWAYS_SEARCH_USER_PATHS = NO;
				CLANG_ANALYZER_NONNULL = YES;
				CLANG_ANALYZER_NUMBER_OBJECT_CONVERSION = YES_AGGRESSIVE;
				CLANG_CXX_LANGUAGE_STANDARD = "gnu++0x";
				CLANG_CXX_LIBRARY = "libc++";
				CLANG_ENABLE_MODULES = YES;
				CLANG_ENABLE_OBJC_ARC = YES;
				CLANG_WARN_BOOL_CONVERSION = YES;
				CLANG_WARN_CONSTANT_CONVERSION = YES;
				CLANG_WARN_DIRECT_OBJC_ISA_USAGE = YES_ERROR;
				CLANG_WARN_DOCUMENTATION_COMMENTS = YES;
				CLANG_WARN_EMPTY_BODY = YES;
				CLANG_WARN_ENUM_CONVERSION = YES;
				CLANG_WARN_INFINITE_RECURSION = YES;
				CLANG_WARN_INT_CONVERSION = YES;
				CLANG_WARN_OBJC_ROOT_CLASS = YES_ERROR;
				CLANG_WARN_SUSPICIOUS_MOVE = YES;
				CLANG_WARN_UNREACHABLE_CODE = YES;
				CLANG_WARN__DUPLICATE_METHOD_MATCH = YES;
				"CODE_SIGN_IDENTITY[sdk=iphoneos*]" = "iPhone Developer";
				COPY_PHASE_STRIP = NO;
				DEBUG_INFORMATION_FORMAT = "dwarf-with-dsym";
				ENABLE_NS_ASSERTIONS = NO;
				ENABLE_STRICT_OBJC_MSGSEND = YES;
				GCC_C_LANGUAGE_STANDARD = gnu99;
				GCC_NO_COMMON_BLOCKS = YES;
				GCC_WARN_64_TO_32_BIT_CONVERSION = YES;
				GCC_WARN_ABOUT_RETURN_TYPE = YES_ERROR;
				GCC_WARN_UNDECLARED_SELECTOR = YES;
				GCC_WARN_UNINITIALIZED_AUTOS = YES_AGGRESSIVE;
				GCC_WARN_UNUSED_FUNCTION = YES;
				GCC_WARN_UNUSED_VARIABLE = YES;
				IPHONEOS_DEPLOYMENT_TARGET = 10.3;
				MTL_ENABLE_DEBUG_INFO = NO;
				SDKROOT = iphoneos;
				TARGETED_DEVICE_FAMILY = "1,2";
				VALIDATE_PRODUCT = YES;
			};
			name = Release;
		};
		3D3505911F3E88D40079F857 /* Debug */ = {
			isa = XCBuildConfiguration;
			buildSettings = {
				ASSETCATALOG_COMPILER_APPICON_NAME = AppIcon;
				DEVELOPMENT_TEAM = 76US5KWZ6M;
				INFOPLIST_FILE = MYDD2017Ad/Info.plist;
				LD_RUNPATH_SEARCH_PATHS = "$(inherited) @executable_path/Frameworks";
				PRODUCT_BUNDLE_IDENTIFIER = com.vahid.MYDD2017Ad;
				PRODUCT_NAME = "$(TARGET_NAME)";
				TARGETED_DEVICE_FAMILY = 2;
			};
			name = Debug;
		};
		3D3505921F3E88D40079F857 /* Release */ = {
			isa = XCBuildConfiguration;
			buildSettings = {
				ASSETCATALOG_COMPILER_APPICON_NAME = AppIcon;
				DEVELOPMENT_TEAM = 76US5KWZ6M;
				INFOPLIST_FILE = MYDD2017Ad/Info.plist;
				LD_RUNPATH_SEARCH_PATHS = "$(inherited) @executable_path/Frameworks";
				PRODUCT_BUNDLE_IDENTIFIER = com.vahid.MYDD2017Ad;
				PRODUCT_NAME = "$(TARGET_NAME)";
				TARGETED_DEVICE_FAMILY = 2;
			};
			name = Release;
		};
		3D3505941F3E88D40079F857 /* Debug */ = {
			isa = XCBuildConfiguration;
			buildSettings = {
				BUNDLE_LOADER = "$(TEST_HOST)";
				DEVELOPMENT_TEAM = 76US5KWZ6M;
				INFOPLIST_FILE = MYDD2017AdTests/Info.plist;
				LD_RUNPATH_SEARCH_PATHS = "$(inherited) @executable_path/Frameworks @loader_path/Frameworks";
				PRODUCT_BUNDLE_IDENTIFIER = com.vahid.MYDD2017AdTests;
				PRODUCT_NAME = "$(TARGET_NAME)";
				TEST_HOST = "$(BUILT_PRODUCTS_DIR)/MYDD2017Ad.app/MYDD2017Ad";
			};
			name = Debug;
		};
		3D3505951F3E88D40079F857 /* Release */ = {
			isa = XCBuildConfiguration;
			buildSettings = {
				BUNDLE_LOADER = "$(TEST_HOST)";
				DEVELOPMENT_TEAM = 76US5KWZ6M;
				INFOPLIST_FILE = MYDD2017AdTests/Info.plist;
				LD_RUNPATH_SEARCH_PATHS = "$(inherited) @executable_path/Frameworks @loader_path/Frameworks";
				PRODUCT_BUNDLE_IDENTIFIER = com.vahid.MYDD2017AdTests;
				PRODUCT_NAME = "$(TARGET_NAME)";
				TEST_HOST = "$(BUILT_PRODUCTS_DIR)/MYDD2017Ad.app/MYDD2017Ad";
			};
			name = Release;
		};
		3D3505971F3E88D40079F857 /* Debug */ = {
			isa = XCBuildConfiguration;
			buildSettings = {
				DEVELOPMENT_TEAM = 76US5KWZ6M;
				INFOPLIST_FILE = MYDD2017AdUITests/Info.plist;
				LD_RUNPATH_SEARCH_PATHS = "$(inherited) @executable_path/Frameworks @loader_path/Frameworks";
				PRODUCT_BUNDLE_IDENTIFIER = com.vahid.MYDD2017AdUITests;
				PRODUCT_NAME = "$(TARGET_NAME)";
				TEST_TARGET_NAME = MYDD2017Ad;
			};
			name = Debug;
		};
		3D3505981F3E88D40079F857 /* Release */ = {
			isa = XCBuildConfiguration;
			buildSettings = {
				DEVELOPMENT_TEAM = 76US5KWZ6M;
				INFOPLIST_FILE = MYDD2017AdUITests/Info.plist;
				LD_RUNPATH_SEARCH_PATHS = "$(inherited) @executable_path/Frameworks @loader_path/Frameworks";
				PRODUCT_BUNDLE_IDENTIFIER = com.vahid.MYDD2017AdUITests;
				PRODUCT_NAME = "$(TARGET_NAME)";
				TEST_TARGET_NAME = MYDD2017Ad;
			};
			name = Release;
		};
/* End XCBuildConfiguration section */

/* Begin XCConfigurationList section */
		3D35055E1F3E88D40079F857 /* Build configuration list for PBXProject "MYDD2017Ad" */ = {
			isa = XCConfigurationList;
			buildConfigurations = (
				3D35058E1F3E88D40079F857 /* Debug */,
				3D35058F1F3E88D40079F857 /* Release */,
			);
			defaultConfigurationIsVisible = 0;
			defaultConfigurationName = Release;
		};
		3D3505901F3E88D40079F857 /* Build configuration list for PBXNativeTarget "MYDD2017Ad" */ = {
			isa = XCConfigurationList;
			buildConfigurations = (
				3D3505911F3E88D40079F857 /* Debug */,
				3D3505921F3E88D40079F857 /* Release */,
			);
			defaultConfigurationIsVisible = 0;
		};
		3D3505931F3E88D40079F857 /* Build configuration list for PBXNativeTarget "MYDD2017AdTests" */ = {
			isa = XCConfigurationList;
			buildConfigurations = (
				3D3505941F3E88D40079F857 /* Debug */,
				3D3505951F3E88D40079F857 /* Release */,
			);
			defaultConfigurationIsVisible = 0;
		};
		3D3505961F3E88D40079F857 /* Build configuration list for PBXNativeTarget "MYDD2017AdUITests" */ = {
			isa = XCConfigurationList;
			buildConfigurations = (
				3D3505971F3E88D40079F857 /* Debug */,
				3D3505981F3E88D40079F857 /* Release */,
			);
			defaultConfigurationIsVisible = 0;
		};
/* End XCConfigurationList section */
	};
	rootObject = 3D35055B1F3E88D40079F857 /* Project object */;
}
